
Microsoft Visual Studio Solution File, Format Version 12.00
# Visual Studio Version 16
VisualStudioVersion = 16.0.29911.84
MinimumVisualStudioVersion = 10.0.40219.1
Project("{FAE04EC0-301F-11D3-BF4B-00C04F79EFBC}") = "DropCostsEnhanced", "DropCostsEnhanced.csproj", "{4D909541-F594-459C-BB13-95365D20715D}"
EndProject
Global
	GlobalSection(SolutionConfigurationPlatforms) = preSolution
		Debug|Any CPU = Debug|Any CPU
		Release|Any CPU = Release|Any CPU
	EndGlobalSection
	GlobalSection(ProjectConfigurationPlatforms) = postSolution
		{4D909541-F594-459C-BB13-95365D20715D}.Debug|Any CPU.ActiveCfg = Debug|Any CPU
		{4D909541-F594-459C-BB13-95365D20715D}.Debug|Any CPU.Build.0 = Debug|Any CPU
		{4D909541-F594-459C-BB13-95365D20715D}.Release|Any CPU.ActiveCfg = Release|Any CPU
		{4D909541-F594-459C-BB13-95365D20715D}.Release|Any CPU.Build.0 = Release|Any CPU
	EndGlobalSection
	GlobalSection(SolutionProperties) = preSolution
		HideSolutionNode = FALSE
	EndGlobalSection
	GlobalSection(ExtensibilityGlobals) = postSolution
		SolutionGuid = {581F09A9-D094-4FB5-8C10-19A05F58F999}
	EndGlobalSection
EndGlobal
